{
  "version": 1,
  "dependencies": {
    "net10.0": {
      "Jint": {
        "type": "Direct",
        "requested": "[4.16.4, )",
        "resolved": "4.16.4",
        "contentHash": "Gdqc4XA5N7MqUxv2phUZ7U2ZMvcz7tF6ktCe1xVfpP0MEykP41QTKmjyaFTmVPGgawUgQAW4jJi8jv/YEQQY2w==",
        "dependencies": {
          "Acornima": "1.7.0"
        }
      },
      "Acornima": {
        "type": "Transitive",
        "resolved": "1.7.0",
        "contentHash": "a2I4O4qkuAdB0oSaGz6/k0n/bXxMbGcLBra5dNTTVSLmTwM7uORA8ebpOrNMmDfFWOMwvuaRL6gPprRV4HTV0w=="
      }
    }
  }
}